
Microsoft Visual Studio Solution File, Format Version 12.00
# Visual Studio Version 16
VisualStudioVersion = 16.0.808.0
MinimumVisualStudioVersion = 10.0.40219.1
Project("{FAE04EC0-301F-11D3-BF4B-00C04F79EFBC}") = "IT_LAB_WEEK_3", "IT_LAB_WEEK_3\IT_LAB_WEEK_3.csproj", "{865BCB8E-984D-40C7-9578-3B00D4141C54}"
EndProject
Global
	GlobalSection(SolutionConfigurationPlatforms) = preSolution
		Debug|Any CPU = Debug|Any CPU
		Release|Any CPU = Release|Any CPU
	EndGlobalSection
	GlobalSection(ProjectConfigurationPlatforms) = postSolution
		{865BCB8E-984D-40C7-9578-3B00D4141C54}.Debug|Any CPU.ActiveCfg = Debug|Any CPU
		{865BCB8E-984D-40C7-9578-3B00D4141C54}.Debug|Any CPU.Build.0 = Debug|Any CPU
		{865BCB8E-984D-40C7-9578-3B00D4141C54}.Release|Any CPU.ActiveCfg = Release|Any CPU
		{865BCB8E-984D-40C7-9578-3B00D4141C54}.Release|Any CPU.Build.0 = Release|Any CPU
	EndGlobalSection
	GlobalSection(SolutionProperties) = preSolution
		HideSolutionNode = FALSE
	EndGlobalSection
	GlobalSection(ExtensibilityGlobals) = postSolution
		SolutionGuid = {0AFED508-D8CC-40D7-AC29-479495122450}
	EndGlobalSection
EndGlobal
