
Microsoft Visual Studio Solution File, Format Version 12.00
# Visual Studio Version 16
VisualStudioVersion = 16.0.30711.63
MinimumVisualStudioVersion = 10.0.40219.1
Project("{FAE04EC0-301F-11D3-BF4B-00C04F79EFBC}") = "IT_LAB_WEEK5_Q1", "IT_LAB_WEEK5_Q1.csproj", "{43B05B32-24F3-4203-A82A-2F5F939C2FB4}"
EndProject
Global
	GlobalSection(SolutionConfigurationPlatforms) = preSolution
		Debug|Any CPU = Debug|Any CPU
		Release|Any CPU = Release|Any CPU
	EndGlobalSection
	GlobalSection(ProjectConfigurationPlatforms) = postSolution
		{43B05B32-24F3-4203-A82A-2F5F939C2FB4}.Debug|Any CPU.ActiveCfg = Debug|Any CPU
		{43B05B32-24F3-4203-A82A-2F5F939C2FB4}.Debug|Any CPU.Build.0 = Debug|Any CPU
		{43B05B32-24F3-4203-A82A-2F5F939C2FB4}.Release|Any CPU.ActiveCfg = Release|Any CPU
		{43B05B32-24F3-4203-A82A-2F5F939C2FB4}.Release|Any CPU.Build.0 = Release|Any CPU
	EndGlobalSection
	GlobalSection(SolutionProperties) = preSolution
		HideSolutionNode = FALSE
	EndGlobalSection
	GlobalSection(ExtensibilityGlobals) = postSolution
		SolutionGuid = {BC5A2BE4-DAE9-4148-8CFA-1029C7CD0BD5}
	EndGlobalSection
EndGlobal
