
Microsoft Visual Studio Solution File, Format Version 12.00
# Visual Studio Version 16
VisualStudioVersion = 16.0.30104.148
MinimumVisualStudioVersion = 10.0.40219.1
Project("{FAE04EC0-301F-11D3-BF4B-00C04F79EFBC}") = "IT_LAB_WEEK4_Q3", "IT_LAB_WEEK4_Q3\IT_LAB_WEEK4_Q3.csproj", "{2010B743-234A-4A6D-B31A-14B9BEBA3281}"
EndProject
Global
	GlobalSection(SolutionConfigurationPlatforms) = preSolution
		Debug|Any CPU = Debug|Any CPU
		Release|Any CPU = Release|Any CPU
	EndGlobalSection
	GlobalSection(ProjectConfigurationPlatforms) = postSolution
		{2010B743-234A-4A6D-B31A-14B9BEBA3281}.Debug|Any CPU.ActiveCfg = Debug|Any CPU
		{2010B743-234A-4A6D-B31A-14B9BEBA3281}.Debug|Any CPU.Build.0 = Debug|Any CPU
		{2010B743-234A-4A6D-B31A-14B9BEBA3281}.Release|Any CPU.ActiveCfg = Release|Any CPU
		{2010B743-234A-4A6D-B31A-14B9BEBA3281}.Release|Any CPU.Build.0 = Release|Any CPU
	EndGlobalSection
	GlobalSection(SolutionProperties) = preSolution
		HideSolutionNode = FALSE
	EndGlobalSection
	GlobalSection(ExtensibilityGlobals) = postSolution
		SolutionGuid = {D314BF0D-A530-44D1-ABC0-0CA367B5851E}
	EndGlobalSection
EndGlobal
